
Microsoft Visual Studio Solution File, Format Version 12.00
Project("{FAE04EC0-301F-11D3-BF4B-00C04F79EFBC}") = "LeetCode", "LeetCode\LeetCode.csproj", "{254008C6-0DC9-45BD-A2E6-C82B6A32835B}"
EndProject
Project("{FAE04EC0-301F-11D3-BF4B-00C04F79EFBC}") = "LeetCode.Tests", "LeetCode.Tests\LeetCode.Tests.csproj", "{F1A04DF3-A865-49E2-8316-18C7A37E1200}"
EndProject
Global
	GlobalSection(SolutionConfigurationPlatforms) = preSolution
		Debug|Any CPU = Debug|Any CPU
		Release|Any CPU = Release|Any CPU
	EndGlobalSection
	GlobalSection(ProjectConfigurationPlatforms) = postSolution
		{254008C6-0DC9-45BD-A2E6-C82B6A32835B}.Debug|Any CPU.ActiveCfg = Debug|Any CPU
		{254008C6-0DC9-45BD-A2E6-C82B6A32835B}.Debug|Any CPU.Build.0 = Debug|Any CPU
		{254008C6-0DC9-45BD-A2E6-C82B6A32835B}.Release|Any CPU.ActiveCfg = Release|Any CPU
		{254008C6-0DC9-45BD-A2E6-C82B6A32835B}.Release|Any CPU.Build.0 = Release|Any CPU
		{F1A04DF3-A865-49E2-8316-18C7A37E1200}.Debug|Any CPU.ActiveCfg = Debug|Any CPU
		{F1A04DF3-A865-49E2-8316-18C7A37E1200}.Debug|Any CPU.Build.0 = Debug|Any CPU
		{F1A04DF3-A865-49E2-8316-18C7A37E1200}.Release|Any CPU.ActiveCfg = Release|Any CPU
		{F1A04DF3-A865-49E2-8316-18C7A37E1200}.Release|Any CPU.Build.0 = Release|Any CPU
	EndGlobalSection
EndGlobal
